
Microsoft Visual Studio Solution File, Format Version 11.00
# Visual Studio 2010
Project("{FAE04EC0-301F-11D3-BF4B-00C04F79EFBC}") = "UnityEngine.UI", "UnityEngine.UI.csproj", "{d885d3e6-39fe-521a-396a-87077e317e71}"
EndProject
Project("{FAE04EC0-301F-11D3-BF4B-00C04F79EFBC}") = "Unity.RenderPipelines.Core.Runtime", "Unity.RenderPipelines.Core.Runtime.csproj", "{b75de38e-cc31-1e32-9778-b48331a83497}"
EndProject
Project("{FAE04EC0-301F-11D3-BF4B-00C04F79EFBC}") = "UnityEngine.TestRunner", "UnityEngine.TestRunner.csproj", "{b190351d-ab83-e6cc-1825-9c1af1ceca50}"
EndProject
Project("{FAE04EC0-301F-11D3-BF4B-00C04F79EFBC}") = "Unity.Mathematics", "Unity.Mathematics.csproj", "{71007595-a3b3-28a1-4ac1-90a996535b6c}"
EndProject
Project("{FAE04EC0-301F-11D3-BF4B-00C04F79EFBC}") = "Assembly-CSharp", "Assembly-CSharp.csproj", "{c7e397f6-242c-2d75-153d-b4cdce9b6ec4}"
EndProject
Project("{FAE04EC0-301F-11D3-BF4B-00C04F79EFBC}") = "Unity.RenderPipelines.Universal.Runtime", "Unity.RenderPipelines.Universal.Runtime.csproj", "{96e175bb-d36f-a02b-5791-964643a86672}"
EndProject
Project("{FAE04EC0-301F-11D3-BF4B-00C04F79EFBC}") = "Unity.TextMeshPro", "Unity.TextMeshPro.csproj", "{99920966-928a-465e-2af3-442ff98544ea}"
EndProject
Project("{FAE04EC0-301F-11D3-BF4B-00C04F79EFBC}") = "Unity.Timeline", "Unity.Timeline.csproj", "{d6bec58b-4569-9f89-2314-2675b8e93a11}"
EndProject
Project("{FAE04EC0-301F-11D3-BF4B-00C04F79EFBC}") = "Unity.RenderPipelines.Core.ShaderLibrary", "Unity.RenderPipelines.Core.ShaderLibrary.csproj", "{f04246ff-d10a-c575-7059-a4b2701f50e2}"
EndProject
Project("{FAE04EC0-301F-11D3-BF4B-00C04F79EFBC}") = "Unity.RenderPipeline.Universal.ShaderLibrary", "Unity.RenderPipeline.Universal.ShaderLibrary.csproj", "{ddce96c8-2b84-a6ee-0673-d27686d7dc9d}"
EndProject
Project("{FAE04EC0-301F-11D3-BF4B-00C04F79EFBC}") = "Unity.RenderPipelines.Universal.Shaders", "Unity.RenderPipelines.Universal.Shaders.csproj", "{515edf1c-9c4c-d863-c37b-e1c721ceb569}"
EndProject
Project("{FAE04EC0-301F-11D3-BF4B-00C04F79EFBC}") = "Unity.RenderPipelines.ShaderGraph.ShaderGraphLibrary", "Unity.RenderPipelines.ShaderGraph.ShaderGraphLibrary.csproj", "{52500b66-0eed-af7a-a54e-f148915a72e0}"
EndProject
Project("{FAE04EC0-301F-11D3-BF4B-00C04F79EFBC}") = "Unity.PlasticSCM.Editor", "Unity.PlasticSCM.Editor.csproj", "{1f5c7adf-d69d-1c2f-1099-abf3bebd0aef}"
EndProject
Project("{FAE04EC0-301F-11D3-BF4B-00C04F79EFBC}") = "Unity.ShaderGraph.Editor", "Unity.ShaderGraph.Editor.csproj", "{08a32f6c-f548-d130-5af1-972f170ce3e1}"
EndProject
Project("{FAE04EC0-301F-11D3-BF4B-00C04F79EFBC}") = "Unity.VisualStudio.Editor", "Unity.VisualStudio.Editor.csproj", "{7ead4f30-e4c9-40b4-c940-a06bae9dc5cf}"
EndProject
Project("{FAE04EC0-301F-11D3-BF4B-00C04F79EFBC}") = "Unity.Timeline.Editor", "Unity.Timeline.Editor.csproj", "{7ee493ca-b8be-b890-6049-237f50cb0267}"
EndProject
Project("{FAE04EC0-301F-11D3-BF4B-00C04F79EFBC}") = "Unity.TextMeshPro.Editor", "Unity.TextMeshPro.Editor.csproj", "{ae8824f1-2529-51bc-f944-5a39ee92a947}"
EndProject
Project("{FAE04EC0-301F-11D3-BF4B-00C04F79EFBC}") = "Unity.CollabProxy.Editor", "Unity.CollabProxy.Editor.csproj", "{f706c304-353b-7bf6-dfe0-5963352bc766}"
EndProject
Project("{FAE04EC0-301F-11D3-BF4B-00C04F79EFBC}") = "UnityEditor.TestRunner", "UnityEditor.TestRunner.csproj", "{a3097d27-0ac9-cc45-b71a-931ddc2319a6}"
EndProject
Project("{FAE04EC0-301F-11D3-BF4B-00C04F79EFBC}") = "Unity.Rider.Editor", "Unity.Rider.Editor.csproj", "{65d7a025-2dde-e6b4-33b0-6b4d1ac34908}"
EndProject
Project("{FAE04EC0-301F-11D3-BF4B-00C04F79EFBC}") = "taecg.shaderReference.Editor", "taecg.shaderReference.Editor.csproj", "{9fbf1ff0-bcb3-192d-caa1-cf1765757f71}"
EndProject
Project("{FAE04EC0-301F-11D3-BF4B-00C04F79EFBC}") = "Unity.RenderPipelines.Universal.Editor", "Unity.RenderPipelines.Universal.Editor.csproj", "{12bc7695-19a7-4ef2-7a72-c17893bdb2fd}"
EndProject
Project("{FAE04EC0-301F-11D3-BF4B-00C04F79EFBC}") = "Unity.Services.Core.Editor", "Unity.Services.Core.Editor.csproj", "{f15c6bf2-019f-26ec-4007-8e06aa48f323}"
EndProject
Project("{FAE04EC0-301F-11D3-BF4B-00C04F79EFBC}") = "Unity.RenderPipelines.Core.Editor", "Unity.RenderPipelines.Core.Editor.csproj", "{a7587cea-6f08-3b28-a434-788ea2d534a5}"
EndProject
Project("{FAE04EC0-301F-11D3-BF4B-00C04F79EFBC}") = "Unity.Searcher.Editor", "Unity.Searcher.Editor.csproj", "{4de151ba-2573-bd8d-7909-cd829ee47fff}"
EndProject
Project("{FAE04EC0-301F-11D3-BF4B-00C04F79EFBC}") = "Unity.VSCode.Editor", "Unity.VSCode.Editor.csproj", "{10389aaa-d796-01bf-ba4a-9c31167db71d}"
EndProject
Project("{FAE04EC0-301F-11D3-BF4B-00C04F79EFBC}") = "UnityEditor.UI", "UnityEditor.UI.csproj", "{e59363bf-dd82-eec3-cc48-87e7ed046814}"
EndProject
Project("{FAE04EC0-301F-11D3-BF4B-00C04F79EFBC}") = "Unity.Mathematics.Editor", "Unity.Mathematics.Editor.csproj", "{c64b773e-92d0-cf99-9e0a-c5a51db45147}"
EndProject
Project("{FAE04EC0-301F-11D3-BF4B-00C04F79EFBC}") = "Unity.ShaderGraph.Utilities", "Unity.ShaderGraph.Utilities.csproj", "{d7979cee-ab21-0e37-3ef5-4904efe25657}"
EndProject
Project("{FAE04EC0-301F-11D3-BF4B-00C04F79EFBC}") = "Assembly-CSharp-Editor", "Assembly-CSharp-Editor.csproj", "{6debdb10-56c3-abf8-ed58-fbc888519832}"
EndProject
Project("{FAE04EC0-301F-11D3-BF4B-00C04F79EFBC}") = "Unity.Mathematics.Tests", "Unity.Mathematics.Tests.csproj", "{ef59e0ed-19af-9032-07d9-fda6cc98d485}"
EndProject
Project("{FAE04EC0-301F-11D3-BF4B-00C04F79EFBC}") = "Unity.PlasticSCM.EditorTests", "Unity.PlasticSCM.EditorTests.csproj", "{24680b55-6f1a-d992-f952-fbb2fb16c10d}"
EndProject
Project("{FAE04EC0-301F-11D3-BF4B-00C04F79EFBC}") = "Unity.Searcher.EditorTests", "Unity.Searcher.EditorTests.csproj", "{2bb6a1e6-b47d-2d3d-f215-39dfe357f8fe}"
EndProject
Project("{FAE04EC0-301F-11D3-BF4B-00C04F79EFBC}") = "Unity.TextMeshPro.Editor.Tests", "Unity.TextMeshPro.Editor.Tests.csproj", "{0010a966-80d0-5852-0657-40ae4d43e3f0}"
EndProject
Project("{FAE04EC0-301F-11D3-BF4B-00C04F79EFBC}") = "DocCodeExamples", "DocCodeExamples.csproj", "{ccf30959-70ef-13e4-827a-b88228db2a40}"
EndProject
Project("{FAE04EC0-301F-11D3-BF4B-00C04F79EFBC}") = "Unity.RenderPipelines.Universal.Editor.Tests", "Unity.RenderPipelines.Universal.Editor.Tests.csproj", "{769d254c-cf1b-6329-a891-58e4002a3f26}"
EndProject
Project("{FAE04EC0-301F-11D3-BF4B-00C04F79EFBC}") = "Unity.CollabProxy.EditorTests", "Unity.CollabProxy.EditorTests.csproj", "{7df44faa-1087-904d-b9b3-aed104f60852}"
EndProject
Project("{FAE04EC0-301F-11D3-BF4B-00C04F79EFBC}") = "UnityEngine.UI.Tests", "UnityEngine.UI.Tests.csproj", "{d38f1d74-4ccf-a750-1227-31e570b14f14}"
EndProject
Project("{FAE04EC0-301F-11D3-BF4B-00C04F79EFBC}") = "Unity.TextMeshPro.Tests", "Unity.TextMeshPro.Tests.csproj", "{d834ca02-6f2d-bf16-e31d-f07345206275}"
EndProject
Project("{FAE04EC0-301F-11D3-BF4B-00C04F79EFBC}") = "UnityEditor.UI.EditorTests", "UnityEditor.UI.EditorTests.csproj", "{7dd97c04-9a9f-adc6-52d0-87f4e5a1fea1}"
EndProject
Project("{FAE04EC0-301F-11D3-BF4B-00C04F79EFBC}") = "Unity.RenderPipelines.Universal.Runtime.Tests", "Unity.RenderPipelines.Universal.Runtime.Tests.csproj", "{18a57c40-b17c-d15d-50c0-3dfa17365e5e}"
EndProject
Project("{FAE04EC0-301F-11D3-BF4B-00C04F79EFBC}") = "Unity.RenderPipelines.Core.Editor.Tests", "Unity.RenderPipelines.Core.Editor.Tests.csproj", "{26cbfa0d-5735-dabc-4575-b7a60e2a4a31}"
EndProject
Project("{FAE04EC0-301F-11D3-BF4B-00C04F79EFBC}") = "Unity.RenderPipelines.Core.Runtime.Tests", "Unity.RenderPipelines.Core.Runtime.Tests.csproj", "{5c2a63da-d6e0-2bfb-3a64-f2d0c822845d}"
EndProject
Project("{FAE04EC0-301F-11D3-BF4B-00C04F79EFBC}") = "Unity.ShaderGraph.Editor.Tests", "Unity.ShaderGraph.Editor.Tests.csproj", "{956cdf48-aff5-5e98-c66d-a75b660aca7a}"
EndProject
Global
	GlobalSection(SolutionConfigurationPlatforms) = preSolution
		Debug|Any CPU = Debug|Any CPU
	EndGlobalSection
	GlobalSection(ProjectConfigurationPlatforms) = postSolution
		{d885d3e6-39fe-521a-396a-87077e317e71}.Debug|Any CPU.ActiveCfg = Debug|Any CPU
		{d885d3e6-39fe-521a-396a-87077e317e71}.Debug|Any CPU.Build.0 = Debug|Any CPU
		{b75de38e-cc31-1e32-9778-b48331a83497}.Debug|Any CPU.ActiveCfg = Debug|Any CPU
		{b75de38e-cc31-1e32-9778-b48331a83497}.Debug|Any CPU.Build.0 = Debug|Any CPU
		{b190351d-ab83-e6cc-1825-9c1af1ceca50}.Debug|Any CPU.ActiveCfg = Debug|Any CPU
		{b190351d-ab83-e6cc-1825-9c1af1ceca50}.Debug|Any CPU.Build.0 = Debug|Any CPU
		{71007595-a3b3-28a1-4ac1-90a996535b6c}.Debug|Any CPU.ActiveCfg = Debug|Any CPU
		{71007595-a3b3-28a1-4ac1-90a996535b6c}.Debug|Any CPU.Build.0 = Debug|Any CPU
		{c7e397f6-242c-2d75-153d-b4cdce9b6ec4}.Debug|Any CPU.ActiveCfg = Debug|Any CPU
		{c7e397f6-242c-2d75-153d-b4cdce9b6ec4}.Debug|Any CPU.Build.0 = Debug|Any CPU
		{96e175bb-d36f-a02b-5791-964643a86672}.Debug|Any CPU.ActiveCfg = Debug|Any CPU
		{96e175bb-d36f-a02b-5791-964643a86672}.Debug|Any CPU.Build.0 = Debug|Any CPU
		{99920966-928a-465e-2af3-442ff98544ea}.Debug|Any CPU.ActiveCfg = Debug|Any CPU
		{99920966-928a-465e-2af3-442ff98544ea}.Debug|Any CPU.Build.0 = Debug|Any CPU
		{d6bec58b-4569-9f89-2314-2675b8e93a11}.Debug|Any CPU.ActiveCfg = Debug|Any CPU
		{d6bec58b-4569-9f89-2314-2675b8e93a11}.Debug|Any CPU.Build.0 = Debug|Any CPU
		{f04246ff-d10a-c575-7059-a4b2701f50e2}.Debug|Any CPU.ActiveCfg = Debug|Any CPU
		{f04246ff-d10a-c575-7059-a4b2701f50e2}.Debug|Any CPU.Build.0 = Debug|Any CPU
		{ddce96c8-2b84-a6ee-0673-d27686d7dc9d}.Debug|Any CPU.ActiveCfg = Debug|Any CPU
		{ddce96c8-2b84-a6ee-0673-d27686d7dc9d}.Debug|Any CPU.Build.0 = Debug|Any CPU
		{515edf1c-9c4c-d863-c37b-e1c721ceb569}.Debug|Any CPU.ActiveCfg = Debug|Any CPU
		{515edf1c-9c4c-d863-c37b-e1c721ceb569}.Debug|Any CPU.Build.0 = Debug|Any CPU
		{52500b66-0eed-af7a-a54e-f148915a72e0}.Debug|Any CPU.ActiveCfg = Debug|Any CPU
		{52500b66-0eed-af7a-a54e-f148915a72e0}.Debug|Any CPU.Build.0 = Debug|Any CPU
		{1f5c7adf-d69d-1c2f-1099-abf3bebd0aef}.Debug|Any CPU.ActiveCfg = Debug|Any CPU
		{1f5c7adf-d69d-1c2f-1099-abf3bebd0aef}.Debug|Any CPU.Build.0 = Debug|Any CPU
		{08a32f6c-f548-d130-5af1-972f170ce3e1}.Debug|Any CPU.ActiveCfg = Debug|Any CPU
		{08a32f6c-f548-d130-5af1-972f170ce3e1}.Debug|Any CPU.Build.0 = Debug|Any CPU
		{7ead4f30-e4c9-40b4-c940-a06bae9dc5cf}.Debug|Any CPU.ActiveCfg = Debug|Any CPU
		{7ead4f30-e4c9-40b4-c940-a06bae9dc5cf}.Debug|Any CPU.Build.0 = Debug|Any CPU
		{7ee493ca-b8be-b890-6049-237f50cb0267}.Debug|Any CPU.ActiveCfg = Debug|Any CPU
		{7ee493ca-b8be-b890-6049-237f50cb0267}.Debug|Any CPU.Build.0 = Debug|Any CPU
		{ae8824f1-2529-51bc-f944-5a39ee92a947}.Debug|Any CPU.ActiveCfg = Debug|Any CPU
		{ae8824f1-2529-51bc-f944-5a39ee92a947}.Debug|Any CPU.Build.0 = Debug|Any CPU
		{f706c304-353b-7bf6-dfe0-5963352bc766}.Debug|Any CPU.ActiveCfg = Debug|Any CPU
		{f706c304-353b-7bf6-dfe0-5963352bc766}.Debug|Any CPU.Build.0 = Debug|Any CPU
		{a3097d27-0ac9-cc45-b71a-931ddc2319a6}.Debug|Any CPU.ActiveCfg = Debug|Any CPU
		{a3097d27-0ac9-cc45-b71a-931ddc2319a6}.Debug|Any CPU.Build.0 = Debug|Any CPU
		{65d7a025-2dde-e6b4-33b0-6b4d1ac34908}.Debug|Any CPU.ActiveCfg = Debug|Any CPU
		{65d7a025-2dde-e6b4-33b0-6b4d1ac34908}.Debug|Any CPU.Build.0 = Debug|Any CPU
		{9fbf1ff0-bcb3-192d-caa1-cf1765757f71}.Debug|Any CPU.ActiveCfg = Debug|Any CPU
		{9fbf1ff0-bcb3-192d-caa1-cf1765757f71}.Debug|Any CPU.Build.0 = Debug|Any CPU
		{12bc7695-19a7-4ef2-7a72-c17893bdb2fd}.Debug|Any CPU.ActiveCfg = Debug|Any CPU
		{12bc7695-19a7-4ef2-7a72-c17893bdb2fd}.Debug|Any CPU.Build.0 = Debug|Any CPU
		{f15c6bf2-019f-26ec-4007-8e06aa48f323}.Debug|Any CPU.ActiveCfg = Debug|Any CPU
		{f15c6bf2-019f-26ec-4007-8e06aa48f323}.Debug|Any CPU.Build.0 = Debug|Any CPU
		{a7587cea-6f08-3b28-a434-788ea2d534a5}.Debug|Any CPU.ActiveCfg = Debug|Any CPU
		{a7587cea-6f08-3b28-a434-788ea2d534a5}.Debug|Any CPU.Build.0 = Debug|Any CPU
		{4de151ba-2573-bd8d-7909-cd829ee47fff}.Debug|Any CPU.ActiveCfg = Debug|Any CPU
		{4de151ba-2573-bd8d-7909-cd829ee47fff}.Debug|Any CPU.Build.0 = Debug|Any CPU
		{10389aaa-d796-01bf-ba4a-9c31167db71d}.Debug|Any CPU.ActiveCfg = Debug|Any CPU
		{10389aaa-d796-01bf-ba4a-9c31167db71d}.Debug|Any CPU.Build.0 = Debug|Any CPU
		{e59363bf-dd82-eec3-cc48-87e7ed046814}.Debug|Any CPU.ActiveCfg = Debug|Any CPU
		{e59363bf-dd82-eec3-cc48-87e7ed046814}.Debug|Any CPU.Build.0 = Debug|Any CPU
		{c64b773e-92d0-cf99-9e0a-c5a51db45147}.Debug|Any CPU.ActiveCfg = Debug|Any CPU
		{c64b773e-92d0-cf99-9e0a-c5a51db45147}.Debug|Any CPU.Build.0 = Debug|Any CPU
		{d7979cee-ab21-0e37-3ef5-4904efe25657}.Debug|Any CPU.ActiveCfg = Debug|Any CPU
		{d7979cee-ab21-0e37-3ef5-4904efe25657}.Debug|Any CPU.Build.0 = Debug|Any CPU
		{6debdb10-56c3-abf8-ed58-fbc888519832}.Debug|Any CPU.ActiveCfg = Debug|Any CPU
		{6debdb10-56c3-abf8-ed58-fbc888519832}.Debug|Any CPU.Build.0 = Debug|Any CPU
		{ef59e0ed-19af-9032-07d9-fda6cc98d485}.Debug|Any CPU.ActiveCfg = Debug|Any CPU
		{ef59e0ed-19af-9032-07d9-fda6cc98d485}.Debug|Any CPU.Build.0 = Debug|Any CPU
		{24680b55-6f1a-d992-f952-fbb2fb16c10d}.Debug|Any CPU.ActiveCfg = Debug|Any CPU
		{24680b55-6f1a-d992-f952-fbb2fb16c10d}.Debug|Any CPU.Build.0 = Debug|Any CPU
		{2bb6a1e6-b47d-2d3d-f215-39dfe357f8fe}.Debug|Any CPU.ActiveCfg = Debug|Any CPU
		{2bb6a1e6-b47d-2d3d-f215-39dfe357f8fe}.Debug|Any CPU.Build.0 = Debug|Any CPU
		{0010a966-80d0-5852-0657-40ae4d43e3f0}.Debug|Any CPU.ActiveCfg = Debug|Any CPU
		{0010a966-80d0-5852-0657-40ae4d43e3f0}.Debug|Any CPU.Build.0 = Debug|Any CPU
		{ccf30959-70ef-13e4-827a-b88228db2a40}.Debug|Any CPU.ActiveCfg = Debug|Any CPU
		{ccf30959-70ef-13e4-827a-b88228db2a40}.Debug|Any CPU.Build.0 = Debug|Any CPU
		{769d254c-cf1b-6329-a891-58e4002a3f26}.Debug|Any CPU.ActiveCfg = Debug|Any CPU
		{769d254c-cf1b-6329-a891-58e4002a3f26}.Debug|Any CPU.Build.0 = Debug|Any CPU
		{7df44faa-1087-904d-b9b3-aed104f60852}.Debug|Any CPU.ActiveCfg = Debug|Any CPU
		{7df44faa-1087-904d-b9b3-aed104f60852}.Debug|Any CPU.Build.0 = Debug|Any CPU
		{d38f1d74-4ccf-a750-1227-31e570b14f14}.Debug|Any CPU.ActiveCfg = Debug|Any CPU
		{d38f1d74-4ccf-a750-1227-31e570b14f14}.Debug|Any CPU.Build.0 = Debug|Any CPU
		{d834ca02-6f2d-bf16-e31d-f07345206275}.Debug|Any CPU.ActiveCfg = Debug|Any CPU
		{d834ca02-6f2d-bf16-e31d-f07345206275}.Debug|Any CPU.Build.0 = Debug|Any CPU
		{7dd97c04-9a9f-adc6-52d0-87f4e5a1fea1}.Debug|Any CPU.ActiveCfg = Debug|Any CPU
		{7dd97c04-9a9f-adc6-52d0-87f4e5a1fea1}.Debug|Any CPU.Build.0 = Debug|Any CPU
		{18a57c40-b17c-d15d-50c0-3dfa17365e5e}.Debug|Any CPU.ActiveCfg = Debug|Any CPU
		{18a57c40-b17c-d15d-50c0-3dfa17365e5e}.Debug|Any CPU.Build.0 = Debug|Any CPU
		{26cbfa0d-5735-dabc-4575-b7a60e2a4a31}.Debug|Any CPU.ActiveCfg = Debug|Any CPU
		{26cbfa0d-5735-dabc-4575-b7a60e2a4a31}.Debug|Any CPU.Build.0 = Debug|Any CPU
		{5c2a63da-d6e0-2bfb-3a64-f2d0c822845d}.Debug|Any CPU.ActiveCfg = Debug|Any CPU
		{5c2a63da-d6e0-2bfb-3a64-f2d0c822845d}.Debug|Any CPU.Build.0 = Debug|Any CPU
		{956cdf48-aff5-5e98-c66d-a75b660aca7a}.Debug|Any CPU.ActiveCfg = Debug|Any CPU
		{956cdf48-aff5-5e98-c66d-a75b660aca7a}.Debug|Any CPU.Build.0 = Debug|Any CPU
	EndGlobalSection
	GlobalSection(SolutionProperties) = preSolution
		HideSolutionNode = FALSE
	EndGlobalSection
EndGlobal
